<?xml version="1.0" encoding="utf-8"?>
<Project ToolsVersion="4.0" xmlns="http://schemas.microsoft.com/developer/msbuild/2003">
  <ItemGroup>
    <Filter Include="Resource Files">
      <UniqueIdentifier>{67DA6AB6-F800-4c08-8B7A-83BB121AAD01}</UniqueIdentifier>
      <Extensions>rc;ico;cur;bmp;dlg;rc2;rct;bin;rgs;gif;jpg;jpeg;jpe;resx;tiff;tif;png;wav;mfcribbon-ms</Extensions>
    </Filter>
    <Filter Include="Source files">
      <UniqueIdentifier>{4FC737F1-C7A5-4376-A066-2A32D752A2FF}</UniqueIdentifier>
      <Extensions>cpp;c;cc;cxx;def;odl;idl;hpj;bat;asm;asmx</Extensions>
    </Filter>
  </ItemGroup>
  <ItemGroup>
    <ClCompile Include="src\inject.c">
      <Filter>Source files</Filter>
    </ClCompile>
    <ClCompile Include="src\jansson_ex.c">
      <Filter>Source files</Filter>
    </ClCompile>
    <ClCompile Include="src\patchfile.c">
      <Filter>Source files</Filter>
    </ClCompile>
    <ClCompile Include="src\global.c">
      <Filter>Source files</Filter>
    </ClCompile>
    <ClCompile Include="src\init.c">
      <Filter>Source files</Filter>
    </ClCompile>
    <ClCompile Include="src\breakpoint.c">
      <Filter>Source files</Filter>
    </ClCompile>
    <ClCompile Include="src\bp_file.c">
      <Filter>Source files</Filter>
    </ClCompile>
    <ClCompile Include="src\plugin.c">
      <Filter>Source files</Filter>
    </ClCompile>
    <ClCompile Include="src\binhack.c">
      <Filter>Source files</Filter>
    </ClCompile>
    <ClCompile Include="src\log.c">
      <Filter>Source files</Filter>
    </ClCompile>
    <ClCompile Include="src\sha256.c">
      <Filter>Source files</Filter>
    </ClCompile>
    <ClCompile Include="src\textdisp.c">
      <Filter>Source files</Filter>
    </ClCompile>
    <ClCompile Include="src\strutil.c">
      <Filter>Source files</Filter>
    </ClCompile>
    <ClCompile Include="src\mempatch.c">
      <Filter>Source files</Filter>
    </ClCompile>
    <ClCompile Include="src\strings.c">
      <Filter>Source files</Filter>
    </ClCompile>
    <ClCompile Include="src\dialog.c">
      <Filter>Source files</Filter>
    </ClCompile>
    <ClCompile Include="src\win32_detour.c">
      <Filter>Source files</Filter>
    </ClCompile>
    <ClCompile Include="src\pe.c">
      <Filter>Source files</Filter>
    </ClCompile>
    <ClCompile Include="src\exception.c">
      <Filter>Source files</Filter>
    </ClCompile>
    <ClCompile Include="src\stack.c">
      <Filter>Source files</Filter>
    </ClCompile>
  </ItemGroup>
  <ItemGroup>
    <ClInclude Include="src\binhack.h">
      <Filter>Source files</Filter>
    </ClInclude>
    <ClInclude Include="src\bp_file.h">
      <Filter>Source files</Filter>
    </ClInclude>
    <ClInclude Include="src\breakpoint.h">
      <Filter>Source files</Filter>
    </ClInclude>
    <ClInclude Include="src\global.h">
      <Filter>Source files</Filter>
    </ClInclude>
    <ClInclude Include="src\init.h">
      <Filter>Source files</Filter>
    </ClInclude>
    <ClInclude Include="src\inject.h">
      <Filter>Source files</Filter>
    </ClInclude>
    <ClInclude Include="src\jansson_ex.h">
      <Filter>Source files</Filter>
    </ClInclude>
    <ClInclude Include="src\log.h">
      <Filter>Source files</Filter>
    </ClInclude>
    <ClInclude Include="src\patchfile.h">
      <Filter>Source files</Filter>
    </ClInclude>
    <ClInclude Include="src\plugin.h">
      <Filter>Source files</Filter>
    </ClInclude>
    <ClInclude Include="src\sha256.h">
      <Filter>Source files</Filter>
    </ClInclude>
    <ClInclude Include="src\textdisp.h">
      <Filter>Source files</Filter>
    </ClInclude>
    <ClInclude Include="src\thcrap.h">
      <Filter>Source files</Filter>
    </ClInclude>
    <ClInclude Include="config.h">
      <Filter>Source files</Filter>
    </ClInclude>
    <ClInclude Include="src\strutil.h">
      <Filter>Source files</Filter>
    </ClInclude>
    <ClInclude Include="src\mempatch.h">
      <Filter>Source files</Filter>
    </ClInclude>
    <ClInclude Include="src\strings.h">
      <Filter>Source files</Filter>
    </ClInclude>
    <ClInclude Include="src\dialog.h">
      <Filter>Source files</Filter>
    </ClInclude>
    <ClInclude Include="src\win32_detour.h">
      <Filter>Source files</Filter>
    </ClInclude>
    <ClInclude Include="src\pe.h">
      <Filter>Source files</Filter>
    </ClInclude>
    <ClInclude Include="src\exception.h">
      <Filter>Source files</Filter>
    </ClInclude>
    <ClInclude Include="src\stack.h">
      <Filter>Source files</Filter>
    </ClInclude>
  </ItemGroup>
  <ItemGroup>
    <None Include="thcrap.def">
      <Filter>Resource Files</Filter>
    </None>
  </ItemGroup>
</Project>