
Microsoft Visual Studio Solution File, Format Version 12.00
# Visual Studio Version 16
VisualStudioVersion = 16.0.30621.155
MinimumVisualStudioVersion = 10.0.40219.1
Project("{8BC9CEB8-8B4A-11D0-8D11-00A0C91BC942}") = "thcrap_loader", "thcrap_loader\thcrap_loader.vcxproj", "{2DB35726-8702-4CC8-9394-3D4FFF47F7DD}"
	ProjectSection(ProjectDependencies) = postProject
		{8BC9CEB8-8B4A-11D0-8D11-00A0C91BC942} = {8BC9CEB8-8B4A-11D0-8D11-00A0C91BC942}
		{8D7455CC-BE95-4F59-9047-D390454C7261} = {8D7455CC-BE95-4F59-9047-D390454C7261}
		{7833FCCF-C3EA-46ED-8D38-5CAB478AB041} = {7833FCCF-C3EA-46ED-8D38-5CAB478AB041}
		{C8DB0AF8-1441-4ECD-BD63-30922EF17701} = {C8DB0AF8-1441-4ECD-BD63-30922EF17701}
	EndProjectSection
EndProject
Project("{8BC9CEB8-8B4A-11D0-8D11-00A0C91BC942}") = "thcrap", "thcrap\thcrap.vcxproj", "{8D7455CC-BE95-4F59-9047-D390454C7261}"
	ProjectSection(ProjectDependencies) = postProject
		{8B0918FE-10DA-4DDB-81F8-0137C7C52747} = {8B0918FE-10DA-4DDB-81F8-0137C7C52747}
		{A185D5A7-3E03-4C87-9774-65C014631F5B} = {A185D5A7-3E03-4C87-9774-65C014631F5B}
	EndProjectSection
EndProject
Project("{8BC9CEB8-8B4A-11D0-8D11-00A0C91BC942}") = "thcrap_tsa", "thcrap_tsa\thcrap_tsa.vcxproj", "{C8DB0AF8-1441-4ECD-BD63-30922EF17701}"
	ProjectSection(ProjectDependencies) = postProject
		{B55C529E-B1A6-460E-8E3A-F750FC835A73} = {B55C529E-B1A6-460E-8E3A-F750FC835A73}
		{8D7455CC-BE95-4F59-9047-D390454C7261} = {8D7455CC-BE95-4F59-9047-D390454C7261}
	EndProjectSection
EndProject
Project("{8BC9CEB8-8B4A-11D0-8D11-00A0C91BC942}") = "thcrap_update", "thcrap_update\thcrap_update.vcxproj", "{8BC9CEB8-8B4A-11D0-8D11-00A0C91BC942}"
	ProjectSection(ProjectDependencies) = postProject
		{8D7455CC-BE95-4F59-9047-D390454C7261} = {8D7455CC-BE95-4F59-9047-D390454C7261}
	EndProjectSection
EndProject
Project("{8BC9CEB8-8B4A-11D0-8D11-00A0C91BC942}") = "thcrap_configure", "thcrap_configure\thcrap_configure.vcxproj", "{F85D84FC-6CEA-44CD-8A55-015AE9EFD02A}"
	ProjectSection(ProjectDependencies) = postProject
		{4F1C381C-5220-4411-A27B-A7D0731B8099} = {4F1C381C-5220-4411-A27B-A7D0731B8099}
		{8BC9CEB8-8B4A-11D0-8D11-00A0C91BC942} = {8BC9CEB8-8B4A-11D0-8D11-00A0C91BC942}
		{8D7455CC-BE95-4F59-9047-D390454C7261} = {8D7455CC-BE95-4F59-9047-D390454C7261}
	EndProjectSection
EndProject
Project("{8BC9CEB8-8B4A-11D0-8D11-00A0C91BC942}") = "thcrap_test", "thcrap_test\thcrap_test.vcxproj", "{D2469D49-0844-4FC5-ABCD-42BDB49B3C3E}"
	ProjectSection(ProjectDependencies) = postProject
		{8D7455CC-BE95-4F59-9047-D390454C7261} = {8D7455CC-BE95-4F59-9047-D390454C7261}
		{8BC9CEB8-8B4A-11D0-8D11-00A0C91BC942} = {8BC9CEB8-8B4A-11D0-8D11-00A0C91BC942}
	EndProjectSection
EndProject
Project("{8BC9CEB8-8B4A-11D0-8D11-00A0C91BC942}") = "thcrap_tasofro", "thcrap_tasofro\thcrap_tasofro.vcxproj", "{7833FCCF-C3EA-46ED-8D38-5CAB478AB041}"
	ProjectSection(ProjectDependencies) = postProject
		{7E7EDD47-9F33-48AC-BCCB-2E306193C945} = {7E7EDD47-9F33-48AC-BCCB-2E306193C945}
		{21DF27A2-2AC5-4C09-9687-1D391237C01D} = {21DF27A2-2AC5-4C09-9687-1D391237C01D}
		{8D7455CC-BE95-4F59-9047-D390454C7261} = {8D7455CC-BE95-4F59-9047-D390454C7261}
	EndProjectSection
EndProject
Project("{8BC9CEB8-8B4A-11D0-8D11-00A0C91BC942}") = "thcrap_configure_wrapper", "thcrap_wrapper\thcrap_configure_wrapper.vcxproj", "{6E41ED18-B3C4-4AF0-9888-80606B5444DE}"
EndProject
Project("{8BC9CEB8-8B4A-11D0-8D11-00A0C91BC942}") = "thcrap_loader_wrapper", "thcrap_wrapper\thcrap_loader_wrapper.vcxproj", "{98C00188-ADF9-4C1B-B325-BE4E52411AF9}"
EndProject
Project("{8BC9CEB8-8B4A-11D0-8D11-00A0C91BC942}") = "win32_utf8", "libs\win32_utf8.vcxproj", "{A185D5A7-3E03-4C87-9774-65C014631F5B}"
EndProject
Project("{8BC9CEB8-8B4A-11D0-8D11-00A0C91BC942}") = "act_nut_lib", "libs\act-nut-lib.vcxproj", "{21DF27A2-2AC5-4C09-9687-1D391237C01D}"
EndProject
Project("{8BC9CEB8-8B4A-11D0-8D11-00A0C91BC942}") = "bmpfont_create", "libs\bmpfont_create.vcxproj", "{7E7EDD47-9F33-48AC-BCCB-2E306193C945}"
	ProjectSection(ProjectDependencies) = postProject
		{8B0918FE-10DA-4DDB-81F8-0137C7C52747} = {8B0918FE-10DA-4DDB-81F8-0137C7C52747}
	EndProjectSection
EndProject
Project("{8BC9CEB8-8B4A-11D0-8D11-00A0C91BC942}") = "bmpfont_create_gdi", "libs\bmpfont_create_gdi.vcxproj", "{E347A19A-2281-4630-AE1C-AB07B213B30D}"
EndProject
Project("{8BC9CEB8-8B4A-11D0-8D11-00A0C91BC942}") = "bmpfont_create_gdiplus", "libs\bmpfont_create_gdiplus.vcxproj", "{0F72DD87-86A8-4001-8B5F-B9BB1165211E}"
EndProject
Project("{8BC9CEB8-8B4A-11D0-8D11-00A0C91BC942}") = "thcrap_bgmmod", "thcrap_bgmmod\thcrap_bgmmod.vcxproj", "{B55C529E-B1A6-460E-8E3A-F750FC835A73}"
	ProjectSection(ProjectDependencies) = postProject
		{8B0918FE-10DA-4DDB-81F8-0137C7C52747} = {8B0918FE-10DA-4DDB-81F8-0137C7C52747}
		{A185D5A7-3E03-4C87-9774-65C014631F5B} = {A185D5A7-3E03-4C87-9774-65C014631F5B}
	EndProjectSection
EndProject
Project("{8BC9CEB8-8B4A-11D0-8D11-00A0C91BC942}") = "thcrap_i18n", "thcrap_i18n\thcrap_i18n.vcxproj", "{4F1C381C-5220-4411-A27B-A7D0731B8099}"
	ProjectSection(ProjectDependencies) = postProject
		{A185D5A7-3E03-4C87-9774-65C014631F5B} = {A185D5A7-3E03-4C87-9774-65C014631F5B}
	EndProjectSection
EndProject
Project("{8BC9CEB8-8B4A-11D0-8D11-00A0C91BC942}") = "external_deps", "libs\external_deps.vcxproj", "{8B0918FE-10DA-4DDB-81F8-0137C7C52747}"
EndProject
Project("{FAE04EC0-301F-11D3-BF4B-00C04F79EFBC}") = "thcrap_configure_v3", "thcrap_configure_v3\thcrap_configure_v3.csproj", "{9CCF40A9-5B3A-4075-BC78-2F1BA211A0A1}"
EndProject
Global
	GlobalSection(SolutionConfigurationPlatforms) = preSolution
		Debug|Win32 = Debug|Win32
		Debug|x64 = Debug|x64
		Release|Win32 = Release|Win32
		Release|x64 = Release|x64
	EndGlobalSection
	GlobalSection(ProjectConfigurationPlatforms) = postSolution
		{2DB35726-8702-4CC8-9394-3D4FFF47F7DD}.Debug|Win32.ActiveCfg = Debug|Win32
		{2DB35726-8702-4CC8-9394-3D4FFF47F7DD}.Debug|Win32.Build.0 = Debug|Win32
		{2DB35726-8702-4CC8-9394-3D4FFF47F7DD}.Debug|x64.ActiveCfg = Debug|x64
		{2DB35726-8702-4CC8-9394-3D4FFF47F7DD}.Debug|x64.Build.0 = Debug|x64
		{2DB35726-8702-4CC8-9394-3D4FFF47F7DD}.Release|Win32.ActiveCfg = Release|Win32
		{2DB35726-8702-4CC8-9394-3D4FFF47F7DD}.Release|Win32.Build.0 = Release|Win32
		{2DB35726-8702-4CC8-9394-3D4FFF47F7DD}.Release|x64.ActiveCfg = Release|x64
		{2DB35726-8702-4CC8-9394-3D4FFF47F7DD}.Release|x64.Build.0 = Release|x64
		{8D7455CC-BE95-4F59-9047-D390454C7261}.Debug|Win32.ActiveCfg = Debug|Win32
		{8D7455CC-BE95-4F59-9047-D390454C7261}.Debug|Win32.Build.0 = Debug|Win32
		{8D7455CC-BE95-4F59-9047-D390454C7261}.Debug|x64.ActiveCfg = Debug|x64
		{8D7455CC-BE95-4F59-9047-D390454C7261}.Debug|x64.Build.0 = Debug|x64
		{8D7455CC-BE95-4F59-9047-D390454C7261}.Release|Win32.ActiveCfg = Release|Win32
		{8D7455CC-BE95-4F59-9047-D390454C7261}.Release|Win32.Build.0 = Release|Win32
		{8D7455CC-BE95-4F59-9047-D390454C7261}.Release|x64.ActiveCfg = Release|x64
		{8D7455CC-BE95-4F59-9047-D390454C7261}.Release|x64.Build.0 = Release|x64
		{C8DB0AF8-1441-4ECD-BD63-30922EF17701}.Debug|Win32.ActiveCfg = Debug|Win32
		{C8DB0AF8-1441-4ECD-BD63-30922EF17701}.Debug|Win32.Build.0 = Debug|Win32
		{C8DB0AF8-1441-4ECD-BD63-30922EF17701}.Debug|x64.ActiveCfg = Debug|Win32
		{C8DB0AF8-1441-4ECD-BD63-30922EF17701}.Release|Win32.ActiveCfg = Release|Win32
		{C8DB0AF8-1441-4ECD-BD63-30922EF17701}.Release|Win32.Build.0 = Release|Win32
		{C8DB0AF8-1441-4ECD-BD63-30922EF17701}.Release|x64.ActiveCfg = Release|Win32
		{8BC9CEB8-8B4A-11D0-8D11-00A0C91BC942}.Debug|Win32.ActiveCfg = Debug|Win32
		{8BC9CEB8-8B4A-11D0-8D11-00A0C91BC942}.Debug|Win32.Build.0 = Debug|Win32
		{8BC9CEB8-8B4A-11D0-8D11-00A0C91BC942}.Debug|x64.ActiveCfg = Debug|Win32
		{8BC9CEB8-8B4A-11D0-8D11-00A0C91BC942}.Release|Win32.ActiveCfg = Release|Win32
		{8BC9CEB8-8B4A-11D0-8D11-00A0C91BC942}.Release|Win32.Build.0 = Release|Win32
		{8BC9CEB8-8B4A-11D0-8D11-00A0C91BC942}.Release|x64.ActiveCfg = Release|Win32
		{F85D84FC-6CEA-44CD-8A55-015AE9EFD02A}.Debug|Win32.ActiveCfg = Debug|Win32
		{F85D84FC-6CEA-44CD-8A55-015AE9EFD02A}.Debug|Win32.Build.0 = Debug|Win32
		{F85D84FC-6CEA-44CD-8A55-015AE9EFD02A}.Debug|x64.ActiveCfg = Debug|Win32
		{F85D84FC-6CEA-44CD-8A55-015AE9EFD02A}.Release|Win32.ActiveCfg = Release|Win32
		{F85D84FC-6CEA-44CD-8A55-015AE9EFD02A}.Release|Win32.Build.0 = Release|Win32
		{F85D84FC-6CEA-44CD-8A55-015AE9EFD02A}.Release|x64.ActiveCfg = Release|Win32
		{D2469D49-0844-4FC5-ABCD-42BDB49B3C3E}.Debug|Win32.ActiveCfg = Debug|Win32
		{D2469D49-0844-4FC5-ABCD-42BDB49B3C3E}.Debug|Win32.Build.0 = Debug|Win32
		{D2469D49-0844-4FC5-ABCD-42BDB49B3C3E}.Debug|x64.ActiveCfg = Debug|x64
		{D2469D49-0844-4FC5-ABCD-42BDB49B3C3E}.Debug|x64.Build.0 = Debug|x64
		{D2469D49-0844-4FC5-ABCD-42BDB49B3C3E}.Release|Win32.ActiveCfg = Release|Win32
		{D2469D49-0844-4FC5-ABCD-42BDB49B3C3E}.Release|Win32.Build.0 = Release|Win32
		{D2469D49-0844-4FC5-ABCD-42BDB49B3C3E}.Release|x64.ActiveCfg = Release|x64
		{D2469D49-0844-4FC5-ABCD-42BDB49B3C3E}.Release|x64.Build.0 = Release|x64
		{7833FCCF-C3EA-46ED-8D38-5CAB478AB041}.Debug|Win32.ActiveCfg = Debug|Win32
		{7833FCCF-C3EA-46ED-8D38-5CAB478AB041}.Debug|Win32.Build.0 = Debug|Win32
		{7833FCCF-C3EA-46ED-8D38-5CAB478AB041}.Debug|x64.ActiveCfg = Debug|Win32
		{7833FCCF-C3EA-46ED-8D38-5CAB478AB041}.Release|Win32.ActiveCfg = Release|Win32
		{7833FCCF-C3EA-46ED-8D38-5CAB478AB041}.Release|Win32.Build.0 = Release|Win32
		{7833FCCF-C3EA-46ED-8D38-5CAB478AB041}.Release|x64.ActiveCfg = Release|Win32
		{6E41ED18-B3C4-4AF0-9888-80606B5444DE}.Debug|Win32.ActiveCfg = Debug|Win32
		{6E41ED18-B3C4-4AF0-9888-80606B5444DE}.Debug|Win32.Build.0 = Debug|Win32
		{6E41ED18-B3C4-4AF0-9888-80606B5444DE}.Debug|x64.ActiveCfg = Debug|Win32
		{6E41ED18-B3C4-4AF0-9888-80606B5444DE}.Release|Win32.ActiveCfg = Release|Win32
		{6E41ED18-B3C4-4AF0-9888-80606B5444DE}.Release|Win32.Build.0 = Release|Win32
		{6E41ED18-B3C4-4AF0-9888-80606B5444DE}.Release|x64.ActiveCfg = Release|Win32
		{98C00188-ADF9-4C1B-B325-BE4E52411AF9}.Debug|Win32.ActiveCfg = Debug|Win32
		{98C00188-ADF9-4C1B-B325-BE4E52411AF9}.Debug|Win32.Build.0 = Debug|Win32
		{98C00188-ADF9-4C1B-B325-BE4E52411AF9}.Debug|x64.ActiveCfg = Debug|x64
		{98C00188-ADF9-4C1B-B325-BE4E52411AF9}.Debug|x64.Build.0 = Debug|x64
		{98C00188-ADF9-4C1B-B325-BE4E52411AF9}.Release|Win32.ActiveCfg = Release|Win32
		{98C00188-ADF9-4C1B-B325-BE4E52411AF9}.Release|Win32.Build.0 = Release|Win32
		{98C00188-ADF9-4C1B-B325-BE4E52411AF9}.Release|x64.ActiveCfg = Release|x64
		{98C00188-ADF9-4C1B-B325-BE4E52411AF9}.Release|x64.Build.0 = Release|x64
		{A185D5A7-3E03-4C87-9774-65C014631F5B}.Debug|Win32.ActiveCfg = Debug Dynamic|Win32
		{A185D5A7-3E03-4C87-9774-65C014631F5B}.Debug|Win32.Build.0 = Debug Dynamic|Win32
		{A185D5A7-3E03-4C87-9774-65C014631F5B}.Debug|x64.ActiveCfg = Debug Dynamic|x64
		{A185D5A7-3E03-4C87-9774-65C014631F5B}.Debug|x64.Build.0 = Debug Dynamic|x64
		{A185D5A7-3E03-4C87-9774-65C014631F5B}.Release|Win32.ActiveCfg = Release Dynamic|Win32
		{A185D5A7-3E03-4C87-9774-65C014631F5B}.Release|Win32.Build.0 = Release Dynamic|Win32
		{A185D5A7-3E03-4C87-9774-65C014631F5B}.Release|x64.ActiveCfg = Release Dynamic|x64
		{A185D5A7-3E03-4C87-9774-65C014631F5B}.Release|x64.Build.0 = Release Dynamic|x64
		{21DF27A2-2AC5-4C09-9687-1D391237C01D}.Debug|Win32.ActiveCfg = Debug Dynamic|Win32
		{21DF27A2-2AC5-4C09-9687-1D391237C01D}.Debug|Win32.Build.0 = Debug Dynamic|Win32
		{21DF27A2-2AC5-4C09-9687-1D391237C01D}.Debug|x64.ActiveCfg = Debug Dynamic|Win32
		{21DF27A2-2AC5-4C09-9687-1D391237C01D}.Release|Win32.ActiveCfg = Release Dynamic|Win32
		{21DF27A2-2AC5-4C09-9687-1D391237C01D}.Release|Win32.Build.0 = Release Dynamic|Win32
		{21DF27A2-2AC5-4C09-9687-1D391237C01D}.Release|x64.ActiveCfg = Release Dynamic|Win32
		{7E7EDD47-9F33-48AC-BCCB-2E306193C945}.Debug|Win32.ActiveCfg = Debug Static|Win32
		{7E7EDD47-9F33-48AC-BCCB-2E306193C945}.Debug|Win32.Build.0 = Debug Static|Win32
		{7E7EDD47-9F33-48AC-BCCB-2E306193C945}.Debug|x64.ActiveCfg = Debug Static|Win32
		{7E7EDD47-9F33-48AC-BCCB-2E306193C945}.Release|Win32.ActiveCfg = Release Static|Win32
		{7E7EDD47-9F33-48AC-BCCB-2E306193C945}.Release|Win32.Build.0 = Release Static|Win32
		{7E7EDD47-9F33-48AC-BCCB-2E306193C945}.Release|x64.ActiveCfg = Release Static|Win32
		{E347A19A-2281-4630-AE1C-AB07B213B30D}.Debug|Win32.ActiveCfg = Debug Dynamic|Win32
		{E347A19A-2281-4630-AE1C-AB07B213B30D}.Debug|Win32.Build.0 = Debug Dynamic|Win32
		{E347A19A-2281-4630-AE1C-AB07B213B30D}.Debug|x64.ActiveCfg = Debug Dynamic|Win32
		{E347A19A-2281-4630-AE1C-AB07B213B30D}.Release|Win32.ActiveCfg = Release Dynamic|Win32
		{E347A19A-2281-4630-AE1C-AB07B213B30D}.Release|Win32.Build.0 = Release Dynamic|Win32
		{E347A19A-2281-4630-AE1C-AB07B213B30D}.Release|x64.ActiveCfg = Release Dynamic|Win32
		{0F72DD87-86A8-4001-8B5F-B9BB1165211E}.Debug|Win32.ActiveCfg = Debug Dynamic|Win32
		{0F72DD87-86A8-4001-8B5F-B9BB1165211E}.Debug|Win32.Build.0 = Debug Dynamic|Win32
		{0F72DD87-86A8-4001-8B5F-B9BB1165211E}.Debug|x64.ActiveCfg = Debug Dynamic|Win32
		{0F72DD87-86A8-4001-8B5F-B9BB1165211E}.Release|Win32.ActiveCfg = Release Dynamic|Win32
		{0F72DD87-86A8-4001-8B5F-B9BB1165211E}.Release|Win32.Build.0 = Release Dynamic|Win32
		{0F72DD87-86A8-4001-8B5F-B9BB1165211E}.Release|x64.ActiveCfg = Release Dynamic|Win32
		{B55C529E-B1A6-460E-8E3A-F750FC835A73}.Debug|Win32.ActiveCfg = Debug|Win32
		{B55C529E-B1A6-460E-8E3A-F750FC835A73}.Debug|Win32.Build.0 = Debug|Win32
		{B55C529E-B1A6-460E-8E3A-F750FC835A73}.Debug|x64.ActiveCfg = Debug|Win32
		{B55C529E-B1A6-460E-8E3A-F750FC835A73}.Release|Win32.ActiveCfg = Release|Win32
		{B55C529E-B1A6-460E-8E3A-F750FC835A73}.Release|Win32.Build.0 = Release|Win32
		{B55C529E-B1A6-460E-8E3A-F750FC835A73}.Release|x64.ActiveCfg = Release|Win32
		{4F1C381C-5220-4411-A27B-A7D0731B8099}.Debug|Win32.ActiveCfg = Debug|Win32
		{4F1C381C-5220-4411-A27B-A7D0731B8099}.Debug|Win32.Build.0 = Debug|Win32
		{4F1C381C-5220-4411-A27B-A7D0731B8099}.Debug|x64.ActiveCfg = Debug|x64
		{4F1C381C-5220-4411-A27B-A7D0731B8099}.Debug|x64.Build.0 = Debug|x64
		{4F1C381C-5220-4411-A27B-A7D0731B8099}.Release|Win32.ActiveCfg = Release|Win32
		{4F1C381C-5220-4411-A27B-A7D0731B8099}.Release|Win32.Build.0 = Release|Win32
		{4F1C381C-5220-4411-A27B-A7D0731B8099}.Release|x64.ActiveCfg = Release|x64
		{4F1C381C-5220-4411-A27B-A7D0731B8099}.Release|x64.Build.0 = Release|x64
		{8B0918FE-10DA-4DDB-81F8-0137C7C52747}.Debug|Win32.ActiveCfg = Debug|Win32
		{8B0918FE-10DA-4DDB-81F8-0137C7C52747}.Debug|Win32.Build.0 = Debug|Win32
		{8B0918FE-10DA-4DDB-81F8-0137C7C52747}.Debug|x64.ActiveCfg = Debug|x64
		{8B0918FE-10DA-4DDB-81F8-0137C7C52747}.Debug|x64.Build.0 = Debug|x64
		{8B0918FE-10DA-4DDB-81F8-0137C7C52747}.Release|Win32.ActiveCfg = Release|Win32
		{8B0918FE-10DA-4DDB-81F8-0137C7C52747}.Release|Win32.Build.0 = Release|Win32
		{8B0918FE-10DA-4DDB-81F8-0137C7C52747}.Release|x64.ActiveCfg = Release|x64
		{8B0918FE-10DA-4DDB-81F8-0137C7C52747}.Release|x64.Build.0 = Release|x64
		{9CCF40A9-5B3A-4075-BC78-2F1BA211A0A1}.Debug|Win32.ActiveCfg = Debug|Any CPU
		{9CCF40A9-5B3A-4075-BC78-2F1BA211A0A1}.Debug|Win32.Build.0 = Debug|Any CPU
		{9CCF40A9-5B3A-4075-BC78-2F1BA211A0A1}.Debug|x64.ActiveCfg = Debug|Any CPU
		{9CCF40A9-5B3A-4075-BC78-2F1BA211A0A1}.Release|Win32.ActiveCfg = Release|Any CPU
		{9CCF40A9-5B3A-4075-BC78-2F1BA211A0A1}.Release|Win32.Build.0 = Release|Any CPU
		{9CCF40A9-5B3A-4075-BC78-2F1BA211A0A1}.Release|x64.ActiveCfg = Release|Any CPU
	EndGlobalSection
	GlobalSection(SolutionProperties) = preSolution
		HideSolutionNode = FALSE
	EndGlobalSection
	GlobalSection(ExtensibilityGlobals) = postSolution
		SolutionGuid = {C0C6CFCD-2E69-4958-8AB1-3A49D9FB2485}
	EndGlobalSection
EndGlobal
