<?xml version="1.0" encoding="utf-8"?>
<Project ToolsVersion="4.0" xmlns="http://schemas.microsoft.com/developer/msbuild/2003">
  <ItemGroup>
    <Filter Include="Source Files">
      <UniqueIdentifier>{4FC737F1-C7A5-4376-A066-2A32D752A2FF}</UniqueIdentifier>
      <Extensions>cpp;c;cc;cxx;def;odl;idl;hpj;bat;asm;asmx</Extensions>
    </Filter>
    <Filter Include="Resource Files">
      <UniqueIdentifier>{67DA6AB6-F800-4c08-8B7A-83BB121AAD01}</UniqueIdentifier>
      <Extensions>rc;ico;cur;bmp;dlg;rc2;rct;bin;rgs;gif;jpg;jpeg;jpe;resx;tiff;tif;png;wav;mfcribbon-ms</Extensions>
    </Filter>
  </ItemGroup>
  <ItemGroup>
    <ClCompile Include="src\encraption.c">
      <Filter>Source Files</Filter>
    </ClCompile>
    <ClCompile Include="src\thcrap_tsa.c">
      <Filter>Source Files</Filter>
    </ClCompile>
    <ClCompile Include="src\th06_msg.c">
      <Filter>Source Files</Filter>
    </ClCompile>
    <ClCompile Include="src\spells.c">
      <Filter>Source Files</Filter>
    </ClCompile>
    <ClCompile Include="src\anm.c">
      <Filter>Source Files</Filter>
    </ClCompile>
    <ClCompile Include="src\anm_bounds.c">
      <Filter>Source Files</Filter>
    </ClCompile>
    <ClCompile Include="src\layout.c">
      <Filter>Source Files</Filter>
    </ClCompile>
    <ClCompile Include="src\music.c">
      <Filter>Source Files</Filter>
    </ClCompile>
  </ItemGroup>
  <ItemGroup>
    <None Include="thcrap_tsa.def">
      <Filter>Resource Files</Filter>
    </None>
  </ItemGroup>
  <ItemGroup>
    <ClInclude Include="src\thcrap_tsa.h">
      <Filter>Source Files</Filter>
    </ClInclude>
  </ItemGroup>
</Project>
