<?xml version="1.0" encoding="utf-8"?>
<Project ToolsVersion="4.0" xmlns="http://schemas.microsoft.com/developer/msbuild/2003">
  <ItemGroup>
    <Filter Include="General">
      <UniqueIdentifier>{d2276510-71b1-4bce-b753-68f717a5cfbd}</UniqueIdentifier>
    </Filter>
    <Filter Include="Wrappers">
      <UniqueIdentifier>{4FC737F1-C7A5-4376-A066-2A32D752A2FF}</UniqueIdentifier>
      <Extensions>cpp;c;cc;cxx;def;odl;idl;hpj;bat;asm;asmx</Extensions>
    </Filter>
    <Filter Include="Resource Files">
      <UniqueIdentifier>{f85a2a8e-b600-41d7-b990-d0bfde6368d9}</UniqueIdentifier>
    </Filter>
  </ItemGroup>
  <ItemGroup>
    <ClInclude Include="src\win32_utf8.h">
      <Filter>General</Filter>
    </ClInclude>
    <ClInclude Include="src\utf.h">
      <Filter>General</Filter>
    </ClInclude>
    <ClInclude Include="src\gdi32_dll.h">
      <Filter>Wrappers</Filter>
    </ClInclude>
    <ClInclude Include="src\kernel32_dll.h">
      <Filter>Wrappers</Filter>
    </ClInclude>
    <ClInclude Include="src\shlwapi_dll.h">
      <Filter>Wrappers</Filter>
    </ClInclude>
    <ClInclude Include="src\user32_dll.h">
      <Filter>Wrappers</Filter>
    </ClInclude>
    <ClInclude Include="src\macros.h">
      <Filter>General</Filter>
    </ClInclude>
    <ClInclude Include="src\psapi_dll.h">
      <Filter>Wrappers</Filter>
    </ClInclude>
  </ItemGroup>
  <ItemGroup>
    <ClCompile Include="src\utf.c">
      <Filter>General</Filter>
    </ClCompile>
    <ClCompile Include="src\gdi32_dll.c">
      <Filter>Wrappers</Filter>
    </ClCompile>
    <ClCompile Include="src\kernel32_dll.c">
      <Filter>Wrappers</Filter>
    </ClCompile>
    <ClCompile Include="src\shlwapi_dll.c">
      <Filter>Wrappers</Filter>
    </ClCompile>
    <ClCompile Include="src\user32_dll.c">
      <Filter>Wrappers</Filter>
    </ClCompile>
    <ClCompile Include="src\win32_utf8.c">
      <Filter>General</Filter>
    </ClCompile>
    <ClCompile Include="src\psapi_dll.c">
      <Filter>Wrappers</Filter>
    </ClCompile>
  </ItemGroup>
  <ItemGroup>
    <None Include="win32_utf8.def">
      <Filter>Resource Files</Filter>
    </None>
  </ItemGroup>
</Project>
